{
    "name": "app",
    "version": "1.0.0",
    "lockfileVersion": 2,
    "requires": true,
    "packages": {
        "": {
            "name": "app",
            "version": "1.0.0",
            "license": "ISC",
            "dependencies": {
                "is-odd": "^3.0.1"
            },
            "devDependencies": {
                "@types/aws-lambda": "^8.10.85",
                "@types/is-odd": "^3.0.0",
                "@types/node": "^16.11.9",
                "typescript": "^4.5.2"
            }
        },
        "node_modules/@types/aws-lambda": {
            "version": "8.10.85",
            "resolved": "https://registry.npmjs.org/@types/aws-lambda/-/aws-lambda-8.10.85.tgz",
            "integrity": "sha512-cMRXVxb+NMb6EekKel1fPBfz2ZqE5cGhIS14G7FVUM4Bqilx0lHKnZbsDLWLSeckDpkvlp5six2F7UWyEEJSoQ==",
            "dev": true
        },
        "node_modules/@types/is-odd": {
            "version": "3.0.0",
            "resolved": "https://registry.npmjs.org/@types/is-odd/-/is-odd-3.0.0.tgz",
            "integrity": "sha512-XfoBBgqc9DYRWo0V6clOC9cDy9KYELqgWwyulwCkv8/6Hlnd25XbDXGGnWYqOr3GUYIwqp4/gqm7/RtCZvqOJA==",
            "dev": true
        },
        "node_modules/@types/node": {
            "version": "16.11.9",
            "resolved": "https://registry.npmjs.org/@types/node/-/node-16.11.9.tgz",
            "integrity": "sha512-MKmdASMf3LtPzwLyRrFjtFFZ48cMf8jmX5VRYrDQiJa8Ybu5VAmkqBWqKU8fdCwD8ysw4mQ9nrEHvzg6gunR7A==",
            "dev": true
        },
        "node_modules/is-number": {
            "version": "6.0.0",
            "resolved": "https://registry.npmjs.org/is-number/-/is-number-6.0.0.tgz",
            "integrity": "sha512-Wu1VHeILBK8KAWJUAiSZQX94GmOE45Rg6/538fKwiloUu21KncEkYGPqob2oSZ5mUT73vLGrHQjKw3KMPwfDzg==",
            "engines": {
                "node": ">=0.10.0"
            }
        },
        "node_modules/is-odd": {
            "version": "3.0.1",
            "resolved": "https://registry.npmjs.org/is-odd/-/is-odd-3.0.1.tgz",
            "integrity": "sha512-CQpnWPrDwmP1+SMHXZhtLtJv90yiyVfluGsX5iNCVkrhQtU3TQHsUWPG9wkdk9Lgd5yNpAg9jQEo90CBaXgWMA==",
            "dependencies": {
                "is-number": "^6.0.0"
            },
            "engines": {
                "node": ">=4"
            }
        },
        "node_modules/typescript": {
            "version": "4.5.2",
            "resolved": "https://registry.npmjs.org/typescript/-/typescript-4.5.2.tgz",
            "integrity": "sha512-5BlMof9H1yGt0P8/WF+wPNw6GfctgGjXp5hkblpyT+8rkASSmkUKMXrxR0Xg8ThVCi/JnHQiKXeBaEwCeQwMFw==",
            "dev": true,
            "bin": {
                "tsc": "bin/tsc",
                "tsserver": "bin/tsserver"
            },
            "engines": {
                "node": ">=4.2.0"
            }
        }
    },
    "dependencies": {
        "@types/aws-lambda": {
            "version": "8.10.85",
            "resolved": "https://registry.npmjs.org/@types/aws-lambda/-/aws-lambda-8.10.85.tgz",
            "integrity": "sha512-cMRXVxb+NMb6EekKel1fPBfz2ZqE5cGhIS14G7FVUM4Bqilx0lHKnZbsDLWLSeckDpkvlp5six2F7UWyEEJSoQ==",
            "dev": true
        },
        "@types/is-odd": {
            "version": "3.0.0",
            "resolved": "https://registry.npmjs.org/@types/is-odd/-/is-odd-3.0.0.tgz",
            "integrity": "sha512-XfoBBgqc9DYRWo0V6clOC9cDy9KYELqgWwyulwCkv8/6Hlnd25XbDXGGnWYqOr3GUYIwqp4/gqm7/RtCZvqOJA==",
            "dev": true
        },
        "@types/node": {
            "version": "16.11.9",
            "resolved": "https://registry.npmjs.org/@types/node/-/node-16.11.9.tgz",
            "integrity": "sha512-MKmdASMf3LtPzwLyRrFjtFFZ48cMf8jmX5VRYrDQiJa8Ybu5VAmkqBWqKU8fdCwD8ysw4mQ9nrEHvzg6gunR7A==",
            "dev": true
        },
        "is-number": {
            "version": "6.0.0",
            "resolved": "https://registry.npmjs.org/is-number/-/is-number-6.0.0.tgz",
            "integrity": "sha512-Wu1VHeILBK8KAWJUAiSZQX94GmOE45Rg6/538fKwiloUu21KncEkYGPqob2oSZ5mUT73vLGrHQjKw3KMPwfDzg=="
        },
        "is-odd": {
            "version": "3.0.1",
            "resolved": "https://registry.npmjs.org/is-odd/-/is-odd-3.0.1.tgz",
            "integrity": "sha512-CQpnWPrDwmP1+SMHXZhtLtJv90yiyVfluGsX5iNCVkrhQtU3TQHsUWPG9wkdk9Lgd5yNpAg9jQEo90CBaXgWMA==",
            "requires": {
                "is-number": "^6.0.0"
            }
        },
        "typescript": {
            "version": "4.5.2",
            "resolved": "https://registry.npmjs.org/typescript/-/typescript-4.5.2.tgz",
            "integrity": "sha512-5BlMof9H1yGt0P8/WF+wPNw6GfctgGjXp5hkblpyT+8rkASSmkUKMXrxR0Xg8ThVCi/JnHQiKXeBaEwCeQwMFw==",
            "dev": true
        }
    }
}
